Microsoft Visual Studio Solution File, Format Version 12.00
# Visual Studio Version 17
VisualStudioVersion = 17.5.2.0
MinimumVisualStudioVersion = 10.0.40219.1
Project("{FAE04EC0-301F-11D3-BF4B-00C04F79EFBC}") = "TreeApp", "TreeApp.csproj", "{91A5810E-6EAC-AA51-A5F4-2B7C6C753760}"
EndProject
Global
	GlobalSection(SolutionConfigurationPlatforms) = preSolution
		Debug|Any CPU = Debug|Any CPU
		Release|Any CPU = Release|Any CPU
	EndGlobalSection
	GlobalSection(ProjectConfigurationPlatforms) = postSolution
		{91A5810E-6EAC-AA51-A5F4-2B7C6C753760}.Debug|Any CPU.ActiveCfg = Debug|Any CPU
		{91A5810E-6EAC-AA51-A5F4-2B7C6C753760}.Debug|Any CPU.Build.0 = Debug|Any CPU
		{91A5810E-6EAC-AA51-A5F4-2B7C6C753760}.Release|Any CPU.ActiveCfg = Release|Any CPU
		{91A5810E-6EAC-AA51-A5F4-2B7C6C753760}.Release|Any CPU.Build.0 = Release|Any CPU
	EndGlobalSection
	GlobalSection(SolutionProperties) = preSolution
		HideSolutionNode = FALSE
	EndGlobalSection
	GlobalSection(ExtensibilityGlobals) = postSolution
		SolutionGuid = {E7627AFC-49C3-45C2-90B6-A06B3A99AA4F}
	EndGlobalSection
EndGlobal
